// !$*UTF8*$!
{
	archiveVersion = 1;
	classes = {
	};
	objectVersion = 55;
	objects = {

/* Begin PBXBuildFile section */
		468F8517293E5978000D05D3 /* SwiftUIView.swift in Sources */ = {isa = PBXBuildFile; fileRef = 468F8516293E5978000D05D3 /* SwiftUIView.swift */; };
		6E6E6BEB2877079B005D6AB5 /* BasicBankingSystemApp.swift in Sources */ = {isa = PBXBuildFile; fileRef = 6E6E6BEA2877079B005D6AB5 /* BasicBankingSystemApp.swift */; };
		6E6E6BED2877079B005D6AB5 /* ContentView.swift in Sources */ = {isa = PBXBuildFile; fileRef = 6E6E6BEC2877079B005D6AB5 /* ContentView.swift */; };
		6E6E6BEF2877079C005D6AB5 /* Assets.xcassets in Resources */ = {isa = PBXBuildFile; fileRef = 6E6E6BEE2877079C005D6AB5 /* Assets.xcassets */; };
		6E6E6BF22877079C005D6AB5 /* Preview Assets.xcassets in Resources */ = {isa = PBXBuildFile; fileRef = 6E6E6BF12877079C005D6AB5 /* Preview Assets.xcassets */; };
		6E6E6BF9287707B7005D6AB5 /* Customer.swift in Sources */ = {isa = PBXBuildFile; fileRef = 6E6E6BF8287707B6005D6AB5 /* Customer.swift */; };
		6E6E6BFE28770840005D6AB5 /* ViewModel.swift in Sources */ = {isa = PBXBuildFile; fileRef = 6E6E6BFD28770840005D6AB5 /* ViewModel.swift */; };
		6E6E6C0028770C45005D6AB5 /* CustomersListView.swift in Sources */ = {isa = PBXBuildFile; fileRef = 6E6E6BFF28770C45005D6AB5 /* CustomersListView.swift */; };
		6E6E6C02287710BD005D6AB5 /* CustomerDetailsView.swift in Sources */ = {isa = PBXBuildFile; fileRef = 6E6E6C01287710BD005D6AB5 /* CustomerDetailsView.swift */; };
		6E6E6C05287711FA005D6AB5 /* CustomerNameIcon.swift in Sources */ = {isa = PBXBuildFile; fileRef = 6E6E6C04287711FA005D6AB5 /* CustomerNameIcon.swift */; };
		6E6E6C0728771CD7005D6AB5 /* TransferAmountView.swift in Sources */ = {isa = PBXBuildFile; fileRef = 6E6E6C0628771CD7005D6AB5 /* TransferAmountView.swift */; };
		6E6E6C09287728BD005D6AB5 /* History.swift in Sources */ = {isa = PBXBuildFile; fileRef = 6E6E6C08287728BD005D6AB5 /* History.swift */; };
		6E6E6C0B287729CD005D6AB5 /* HistoriesView.swift in Sources */ = {isa = PBXBuildFile; fileRef = 6E6E6C0A287729CD005D6AB5 /* HistoriesView.swift */; };
/* End PBXBuildFile section */

/* Begin PBXFileReference section */
		468F8516293E5978000D05D3 /* SwiftUIView.swift */ = {isa = PBXFileReference; lastKnownFileType = sourcecode.swift; path = SwiftUIView.swift; sourceTree = "<group>"; };
		6E6E6BE72877079B005D6AB5 /* BasicBankingSystem.app */ = {isa = PBXFileReference; explicitFileType = wrapper.application; includeInIndex = 0; path = BasicBankingSystem.app; sourceTree = BUILT_PRODUCTS_DIR; };
		6E6E6BEA2877079B005D6AB5 /* BasicBankingSystemApp.swift */ = {isa = PBXFileReference; lastKnownFileType = sourcecode.swift; path = BasicBankingSystemApp.swift; sourceTree = "<group>"; };
		6E6E6BEC2877079B005D6AB5 /* ContentView.swift */ = {isa = PBXFileReference; lastKnownFileType = sourcecode.swift; path = ContentView.swift; sourceTree = "<group>"; };
		6E6E6BEE2877079C005D6AB5 /* Assets.xcassets */ = {isa = PBXFileReference; lastKnownFileType = folder.assetcatalog; path = Assets.xcassets; sourceTree = "<group>"; };
		6E6E6BF12877079C005D6AB5 /* Preview Assets.xcassets */ = {isa = PBXFileReference; lastKnownFileType = folder.assetcatalog; path = "Preview Assets.xcassets"; sourceTree = "<group>"; };
		6E6E6BF8287707B6005D6AB5 /* Customer.swift */ = {isa = PBXFileReference; lastKnownFileType = sourcecode.swift; path = Customer.swift; sourceTree = "<group>"; };
		6E6E6BFD28770840005D6AB5 /* ViewModel.swift */ = {isa = PBXFileReference; lastKnownFileType = sourcecode.swift; path = ViewModel.swift; sourceTree = "<group>"; };
		6E6E6BFF28770C45005D6AB5 /* CustomersListView.swift */ = {isa = PBXFileReference; lastKnownFileType = sourcecode.swift; path = CustomersListView.swift; sourceTree = "<group>"; };
		6E6E6C01287710BD005D6AB5 /* CustomerDetailsView.swift */ = {isa = PBXFileReference; lastKnownFileType = sourcecode.swift; path = CustomerDetailsView.swift; sourceTree = "<group>"; };
		6E6E6C04287711FA005D6AB5 /* CustomerNameIcon.swift */ = {isa = PBXFileReference; lastKnownFileType = sourcecode.swift; path = CustomerNameIcon.swift; sourceTree = "<group>"; };
		6E6E6C0628771CD7005D6AB5 /* TransferAmountView.swift */ = {isa = PBXFileReference; lastKnownFileType = sourcecode.swift; path = TransferAmountView.swift; sourceTree = "<group>"; };
		6E6E6C08287728BD005D6AB5 /* History.swift */ = {isa = PBXFileReference; lastKnownFileType = sourcecode.swift; path = History.swift; sourceTree = "<group>"; };
		6E6E6C0A287729CD005D6AB5 /* HistoriesView.swift */ = {isa = PBXFileReference; lastKnownFileType = sourcecode.swift; path = HistoriesView.swift; sourceTree = "<group>"; };
/* End PBXFileReference section */

/* Begin PBXFrameworksBuildPhase section */
		6E6E6BE42877079B005D6AB5 /* Frameworks */ = {
			isa = PBXFrameworksBuildPhase;
			buildActionMask = 2147483647;
			files = (
			);
			runOnlyForDeploymentPostprocessing = 0;
		};
/* End PBXFrameworksBuildPhase section */

/* Begin PBXGroup section */
		6E6E6BDE2877079B005D6AB5 = {
			isa = PBXGroup;
			children = (
				6E6E6BE92877079B005D6AB5 /* BasicBankingSystem */,
				6E6E6BE82877079B005D6AB5 /* Products */,
			);
			sourceTree = "<group>";
		};
		6E6E6BE82877079B005D6AB5 /* Products */ = {
			isa = PBXGroup;
			children = (
				6E6E6BE72877079B005D6AB5 /* BasicBankingSystem.app */,
			);
			name = Products;
			sourceTree = "<group>";
		};
		6E6E6BE92877079B005D6AB5 /* BasicBankingSystem */ = {
			isa = PBXGroup;
			children = (
				6E6E6BEA2877079B005D6AB5 /* BasicBankingSystemApp.swift */,
				6E6E6BFA28770815005D6AB5 /* Models */,
				6E6E6BFC2877082F005D6AB5 /* Views */,
				6E6E6C03287711CB005D6AB5 /* Components */,
				6E6E6BFB28770823005D6AB5 /* View Models */,
				6E6E6BEE2877079C005D6AB5 /* Assets.xcassets */,
				6E6E6BF02877079C005D6AB5 /* Preview Content */,
			);
			path = BasicBankingSystem;
			sourceTree = "<group>";
		};
		6E6E6BF02877079C005D6AB5 /* Preview Content */ = {
			isa = PBXGroup;
			children = (
				6E6E6BF12877079C005D6AB5 /* Preview Assets.xcassets */,
			);
			path = "Preview Content";
			sourceTree = "<group>";
		};
		6E6E6BFA28770815005D6AB5 /* Models */ = {
			isa = PBXGroup;
			children = (
				6E6E6BF8287707B6005D6AB5 /* Customer.swift */,
				6E6E6C08287728BD005D6AB5 /* History.swift */,
			);
			path = Models;
			sourceTree = "<group>";
		};
		6E6E6BFB28770823005D6AB5 /* View Models */ = {
			isa = PBXGroup;
			children = (
				6E6E6BFD28770840005D6AB5 /* ViewModel.swift */,
			);
			path = "View Models";
			sourceTree = "<group>";
		};
		6E6E6BFC2877082F005D6AB5 /* Views */ = {
			isa = PBXGroup;
			children = (
				468F8516293E5978000D05D3 /* SwiftUIView.swift */,
				6E6E6BEC2877079B005D6AB5 /* ContentView.swift */,
				6E6E6BFF28770C45005D6AB5 /* CustomersListView.swift */,
				6E6E6C01287710BD005D6AB5 /* CustomerDetailsView.swift */,
				6E6E6C0628771CD7005D6AB5 /* TransferAmountView.swift */,
				6E6E6C0A287729CD005D6AB5 /* HistoriesView.swift */,
			);
			path = Views;
			sourceTree = "<group>";
		};
		6E6E6C03287711CB005D6AB5 /* Components */ = {
			isa = PBXGroup;
			children = (
				6E6E6C04287711FA005D6AB5 /* CustomerNameIcon.swift */,
			);
			path = Components;
			sourceTree = "<group>";
		};
/* End PBXGroup section */

/* Begin PBXNativeTarget section */
		6E6E6BE62877079B005D6AB5 /* BasicBankingSystem */ = {
			isa = PBXNativeTarget;
			buildConfigurationList = 6E6E6BF52877079C005D6AB5 /* Build configuration list for PBXNativeTarget "BasicBankingSystem" */;
			buildPhases = (
				6E6E6BE32877079B005D6AB5 /* Sources */,
				6E6E6BE42877079B005D6AB5 /* Frameworks */,
				6E6E6BE52877079B005D6AB5 /* Resources */,
			);
			buildRules = (
			);
			dependencies = (
			);
			name = BasicBankingSystem;
			productName = BasicBankingSystem;
			productReference = 6E6E6BE72877079B005D6AB5 /* BasicBankingSystem.app */;
			productType = "com.apple.product-type.application";
		};
/* End PBXNativeTarget section */

/* Begin PBXProject section */
		6E6E6BDF2877079B005D6AB5 /* Project object */ = {
			isa = PBXProject;
			attributes = {
				BuildIndependentTargetsInParallel = 1;
				LastSwiftUpdateCheck = 1340;
				LastUpgradeCheck = 1340;
				TargetAttributes = {
					6E6E6BE62877079B005D6AB5 = {
						CreatedOnToolsVersion = 13.4.1;
					};
				};
			};
			buildConfigurationList = 6E6E6BE22877079B005D6AB5 /* Build configuration list for PBXProject "BasicBankingSystem" */;
			compatibilityVersion = "Xcode 13.0";
			developmentRegion = en;
			hasScannedForEncodings = 0;
			knownRegions = (
				en,
				Base,
			);
			mainGroup = 6E6E6BDE2877079B005D6AB5;
			productRefGroup = 6E6E6BE82877079B005D6AB5 /* Products */;
			projectDirPath = "";
			projectRoot = "";
			targets = (
				6E6E6BE62877079B005D6AB5 /* BasicBankingSystem */,
			);
		};
/* End PBXProject section */

/* Begin PBXResourcesBuildPhase section */
		6E6E6BE52877079B005D6AB5 /* Resources */ = {
			isa = PBXResourcesBuildPhase;
			buildActionMask = 2147483647;
			files = (
				6E6E6BF22877079C005D6AB5 /* Preview Assets.xcassets in Resources */,
				6E6E6BEF2877079C005D6AB5 /* Assets.xcassets in Resources */,
			);
			runOnlyForDeploymentPostprocessing = 0;
		};
/* End PBXResourcesBuildPhase section */

/* Begin PBXSourcesBuildPhase section */
		6E6E6BE32877079B005D6AB5 /* Sources */ = {
			isa = PBXSourcesBuildPhase;
			buildActionMask = 2147483647;
			files = (
				6E6E6C09287728BD005D6AB5 /* History.swift in Sources */,
				6E6E6BF9287707B7005D6AB5 /* Customer.swift in Sources */,
				468F8517293E5978000D05D3 /* SwiftUIView.swift in Sources */,
				6E6E6C05287711FA005D6AB5 /* CustomerNameIcon.swift in Sources */,
				6E6E6C0B287729CD005D6AB5 /* HistoriesView.swift in Sources */,
				6E6E6C02287710BD005D6AB5 /* CustomerDetailsView.swift in Sources */,
				6E6E6BED2877079B005D6AB5 /* ContentView.swift in Sources */,
				6E6E6BFE28770840005D6AB5 /* ViewModel.swift in Sources */,
				6E6E6C0028770C45005D6AB5 /* CustomersListView.swift in Sources */,
				6E6E6BEB2877079B005D6AB5 /* BasicBankingSystemApp.swift in Sources */,
				6E6E6C0728771CD7005D6AB5 /* TransferAmountView.swift in Sources */,
			);
			runOnlyForDeploymentPostprocessing = 0;
		};
/* End PBXSourcesBuildPhase section */

/* Begin XCBuildConfiguration section */
		6E6E6BF32877079C005D6AB5 /* Debug */ = {
			isa = XCBuildConfiguration;
			buildSettings = {
				ALWAYS_SEARCH_USER_PATHS = NO;
				CLANG_ANALYZER_NONNULL = YES;
				CLANG_ANALYZER_NUMBER_OBJECT_CONVERSION = YES_AGGRESSIVE;
				CLANG_CXX_LANGUAGE_STANDARD = "gnu++17";
				CLANG_ENABLE_MODULES = YES;
				CLANG_ENABLE_OBJC_ARC = YES;
				CLANG_ENABLE_OBJC_WEAK = YES;
				CLANG_WARN_BLOCK_CAPTURE_AUTORELEASING = YES;
				CLANG_WARN_BOOL_CONVERSION = YES;
				CLANG_WARN_COMMA = YES;
				CLANG_WARN_CONSTANT_CONVERSION = YES;
				CLANG_WARN_DEPRECATED_OBJC_IMPLEMENTATIONS = YES;
				CLANG_WARN_DIRECT_OBJC_ISA_USAGE = YES_ERROR;
				CLANG_WARN_DOCUMENTATION_COMMENTS = YES;
				CLANG_WARN_EMPTY_BODY = YES;
				CLANG_WARN_ENUM_CONVERSION = YES;
				CLANG_WARN_INFINITE_RECURSION = YES;
				CLANG_WARN_INT_CONVERSION = YES;
				CLANG_WARN_NON_LITERAL_NULL_CONVERSION = YES;
				CLANG_WARN_OBJC_IMPLICIT_RETAIN_SELF = YES;
				CLANG_WARN_OBJC_LITERAL_CONVERSION = YES;
				CLANG_WARN_OBJC_ROOT_CLASS = YES_ERROR;
				CLANG_WARN_QUOTED_INCLUDE_IN_FRAMEWORK_HEADER = YES;
				CLANG_WARN_RANGE_LOOP_ANALYSIS = YES;
				CLANG_WARN_STRICT_PROTOTYPES = YES;
				CLANG_WARN_SUSPICIOUS_MOVE = YES;
				CLANG_WARN_UNGUARDED_AVAILABILITY = YES_AGGRESSIVE;
				CLANG_WARN_UNREACHABLE_CODE = YES;
				CLANG_WARN__DUPLICATE_METHOD_MATCH = YES;
				COPY_PHASE_STRIP = NO;
				DEBUG_INFORMATION_FORMAT = dwarf;
				ENABLE_STRICT_OBJC_MSGSEND = YES;
				ENABLE_TESTABILITY = YES;
				GCC_C_LANGUAGE_STANDARD = gnu11;
				GCC_DYNAMIC_NO_PIC = NO;
				GCC_NO_COMMON_BLOCKS = YES;
				GCC_OPTIMIZATION_LEVEL = 0;
				GCC_PREPROCESSOR_DEFINITIONS = (
					"DEBUG=1",
					"$(inherited)",
				);
				GCC_WARN_64_TO_32_BIT_CONVERSION = YES;
				GCC_WARN_ABOUT_RETURN_TYPE = YES_ERROR;
				GCC_WARN_UNDECLARED_SELECTOR = YES;
				GCC_WARN_UNINITIALIZED_AUTOS = YES_AGGRESSIVE;
				GCC_WARN_UNUSED_FUNCTION = YES;
				GCC_WARN_UNUSED_VARIABLE = YES;
				IPHONEOS_DEPLOYMENT_TARGET = 15.5;
				MTL_ENABLE_DEBUG_INFO = INCLUDE_SOURCE;
				MTL_FAST_MATH = YES;
				ONLY_ACTIVE_ARCH = YES;
				SDKROOT = iphoneos;
				SWIFT_ACTIVE_COMPILATION_CONDITIONS = DEBUG;
				SWIFT_OPTIMIZATION_LEVEL = "-Onone";
			};
			name = Debug;
		};
		6E6E6BF42877079C005D6AB5 /* Release */ = {
			isa = XCBuildConfiguration;
			buildSettings = {
				ALWAYS_SEARCH_USER_PATHS = NO;
				CLANG_ANALYZER_NONNULL = YES;
				CLANG_ANALYZER_NUMBER_OBJECT_CONVERSION = YES_AGGRESSIVE;
				CLANG_CXX_LANGUAGE_STANDARD = "gnu++17";
				CLANG_ENABLE_MODULES = YES;
				CLANG_ENABLE_OBJC_ARC = YES;
				CLANG_ENABLE_OBJC_WEAK = YES;
				CLANG_WARN_BLOCK_CAPTURE_AUTORELEASING = YES;
				CLANG_WARN_BOOL_CONVERSION = YES;
				CLANG_WARN_COMMA = YES;
				CLANG_WARN_CONSTANT_CONVERSION = YES;
				CLANG_WARN_DEPRECATED_OBJC_IMPLEMENTATIONS = YES;
				CLANG_WARN_DIRECT_OBJC_ISA_USAGE = YES_ERROR;
				CLANG_WARN_DOCUMENTATION_COMMENTS = YES;
				CLANG_WARN_EMPTY_BODY = YES;
				CLANG_WARN_ENUM_CONVERSION = YES;
				CLANG_WARN_INFINITE_RECURSION = YES;
				CLANG_WARN_INT_CONVERSION = YES;
				CLANG_WARN_NON_LITERAL_NULL_CONVERSION = YES;
				CLANG_WARN_OBJC_IMPLICIT_RETAIN_SELF = YES;
				CLANG_WARN_OBJC_LITERAL_CONVERSION = YES;
				CLANG_WARN_OBJC_ROOT_CLASS = YES_ERROR;
				CLANG_WARN_QUOTED_INCLUDE_IN_FRAMEWORK_HEADER = YES;
				CLANG_WARN_RANGE_LOOP_ANALYSIS = YES;
				CLANG_WARN_STRICT_PROTOTYPES = YES;
				CLANG_WARN_SUSPICIOUS_MOVE = YES;
				CLANG_WARN_UNGUARDED_AVAILABILITY = YES_AGGRESSIVE;
				CLANG_WARN_UNREACHABLE_CODE = YES;
				CLANG_WARN__DUPLICATE_METHOD_MATCH = YES;
				COPY_PHASE_STRIP = NO;
				DEBUG_INFORMATION_FORMAT = "dwarf-with-dsym";
				ENABLE_NS_ASSERTIONS = NO;
				ENABLE_STRICT_OBJC_MSGSEND = YES;
				GCC_C_LANGUAGE_STANDARD = gnu11;
				GCC_NO_COMMON_BLOCKS = YES;
				GCC_WARN_64_TO_32_BIT_CONVERSION = YES;
				GCC_WARN_ABOUT_RETURN_TYPE = YES_ERROR;
				GCC_WARN_UNDECLARED_SELECTOR = YES;
				GCC_WARN_UNINITIALIZED_AUTOS = YES_AGGRESSIVE;
				GCC_WARN_UNUSED_FUNCTION = YES;
				GCC_WARN_UNUSED_VARIABLE = YES;
				IPHONEOS_DEPLOYMENT_TARGET = 15.5;
				MTL_ENABLE_DEBUG_INFO = NO;
				MTL_FAST_MATH = YES;
				SDKROOT = iphoneos;
				SWIFT_COMPILATION_MODE = wholemodule;
				SWIFT_OPTIMIZATION_LEVEL = "-O";
				VALIDATE_PRODUCT = YES;
			};
			name = Release;
		};
		6E6E6BF62877079C005D6AB5 /* Debug */ = {
			isa = XCBuildConfiguration;
			buildSettings = {
				ASSETCATALOG_COMPILER_APPICON_NAME = AppIcon;
				ASSETCATALOG_COMPILER_GLOBAL_ACCENT_COLOR_NAME = AccentColor;
				CODE_SIGN_STYLE = Automatic;
				CURRENT_PROJECT_VERSION = 1;
				DEVELOPMENT_ASSET_PATHS = "\"BasicBankingSystem/Preview Content\"";
				DEVELOPMENT_TEAM = K3WRS2Q255;
				ENABLE_PREVIEWS = YES;
				GENERATE_INFOPLIST_FILE = YES;
				INFOPLIST_KEY_UIApplicationSceneManifest_Generation = YES;
				INFOPLIST_KEY_UIApplicationSupportsIndirectInputEvents = YES;
				INFOPLIST_KEY_UILaunchScreen_Generation = YES;
				INFOPLIST_KEY_UISupportedInterfaceOrientations_iPad = "UIInterfaceOrientationPortrait UIInterfaceOrientationPortraitUpsideDown UIInterfaceOrientationLandscapeLeft UIInterfaceOrientationLandscapeRight";
				INFOPLIST_KEY_UISupportedInterfaceOrientations_iPhone = "UIInterfaceOrientationPortrait UIInterfaceOrientationLandscapeLeft UIInterfaceOrientationLandscapeRight";
				LD_RUNPATH_SEARCH_PATHS = (
					"$(inherited)",
					"@executable_path/Frameworks",
				);
				MARKETING_VERSION = 1.0;
				PRODUCT_BUNDLE_IDENTIFIER = com.bahertamer.BasicBankingSystem;
				PRODUCT_NAME = "$(TARGET_NAME)";
				SWIFT_EMIT_LOC_STRINGS = YES;
				SWIFT_VERSION = 5.0;
				TARGETED_DEVICE_FAMILY = "1,2";
			};
			name = Debug;
		};
		6E6E6BF72877079C005D6AB5 /* Release */ = {
			isa = XCBuildConfiguration;
			buildSettings = {
				ASSETCATALOG_COMPILER_APPICON_NAME = AppIcon;
				ASSETCATALOG_COMPILER_GLOBAL_ACCENT_COLOR_NAME = AccentColor;
				CODE_SIGN_STYLE = Automatic;
				CURRENT_PROJECT_VERSION = 1;
				DEVELOPMENT_ASSET_PATHS = "\"BasicBankingSystem/Preview Content\"";
				DEVELOPMENT_TEAM = K3WRS2Q255;
				ENABLE_PREVIEWS = YES;
				GENERATE_INFOPLIST_FILE = YES;
				INFOPLIST_KEY_UIApplicationSceneManifest_Generation = YES;
				INFOPLIST_KEY_UIApplicationSupportsIndirectInputEvents = YES;
				INFOPLIST_KEY_UILaunchScreen_Generation = YES;
				INFOPLIST_KEY_UISupportedInterfaceOrientations_iPad = "UIInterfaceOrientationPortrait UIInterfaceOrientationPortraitUpsideDown UIInterfaceOrientationLandscapeLeft UIInterfaceOrientationLandscapeRight";
				INFOPLIST_KEY_UISupportedInterfaceOrientations_iPhone = "UIInterfaceOrientationPortrait UIInterfaceOrientationLandscapeLeft UIInterfaceOrientationLandscapeRight";
				LD_RUNPATH_SEARCH_PATHS = (
					"$(inherited)",
					"@executable_path/Frameworks",
				);
				MARKETING_VERSION = 1.0;
				PRODUCT_BUNDLE_IDENTIFIER = com.bahertamer.BasicBankingSystem;
				PRODUCT_NAME = "$(TARGET_NAME)";
				SWIFT_EMIT_LOC_STRINGS = YES;
				SWIFT_VERSION = 5.0;
				TARGETED_DEVICE_FAMILY = "1,2";
			};
			name = Release;
		};
/* End XCBuildConfiguration section */

/* Begin XCConfigurationList section */
		6E6E6BE22877079B005D6AB5 /* Build configuration list for PBXProject "BasicBankingSystem" */ = {
			isa = XCConfigurationList;
			buildConfigurations = (
				6E6E6BF32877079C005D6AB5 /* Debug */,
				6E6E6BF42877079C005D6AB5 /* Release */,
			);
			defaultConfigurationIsVisible = 0;
			defaultConfigurationName = Release;
		};
		6E6E6BF52877079C005D6AB5 /* Build configuration list for PBXNativeTarget "BasicBankingSystem" */ = {
			isa = XCConfigurationList;
			buildConfigurations = (
				6E6E6BF62877079C005D6AB5 /* Debug */,
				6E6E6BF72877079C005D6AB5 /* Release */,
			);
			defaultConfigurationIsVisible = 0;
			defaultConfigurationName = Release;
		};
/* End XCConfigurationList section */
	};
	rootObject = 6E6E6BDF2877079B005D6AB5 /* Project object */;
}
